
Microsoft Visual Studio Solution File, Format Version 12.00
# Visual Studio Version 17
VisualStudioVersion = 17.4.33205.214
MinimumVisualStudioVersion = 10.0.40219.1
Project("{FAE04EC0-301F-11D3-BF4B-00C04F79EFBC}") = "DataBaseCourseWork.ConsoleAppTest", "DataBaseCourseWork.ConsoleAppTest\DataBaseCourseWork.ConsoleAppTest.csproj", "{18E4D4D7-90D3-440A-AF2D-7B1F7F3850D1}"
EndProject
Project("{FAE04EC0-301F-11D3-BF4B-00C04F79EFBC}") = "DataBaseCourseWork.TestDataGenerator", "DataBaseCourseWork.TestDataGenerator\DataBaseCourseWork.TestDataGenerator.csproj", "{DBCC5071-C092-41DE-BA93-EA79ED72C694}"
EndProject
Project("{FAE04EC0-301F-11D3-BF4B-00C04F79EFBC}") = "DataBaseCourseWork.Shops", "DataBaseCourseWork.Shops\DataBaseCourseWork.Shops.csproj", "{DB785D4A-000D-48B8-8660-4A12AC592118}"
EndProject
Project("{FAE04EC0-301F-11D3-BF4B-00C04F79EFBC}") = "DataBaseCourseWork.Banks", "DataBaseCourseWork.Banks\DataBaseCourseWork.Banks.csproj", "{BC2219F7-72D7-47A6-8089-D0677566945E}"
EndProject
Project("{FAE04EC0-301F-11D3-BF4B-00C04F79EFBC}") = "DataBaseCourseWork.UserControls", "DataBaseCourseWork.UserControls\DataBaseCourseWork.UserControls.csproj", "{E425B6D4-E495-450F-9B99-6F4CEB1EE22E}"
EndProject
Project("{FAE04EC0-301F-11D3-BF4B-00C04F79EFBC}") = "DataBaseCourseWork.Main", "DataBaseCourseWork.Main\DataBaseCourseWork.Main.csproj", "{DEDDC970-E117-4DE3-A06D-567A527EB1FB}"
EndProject
Project("{FAE04EC0-301F-11D3-BF4B-00C04F79EFBC}") = "DataBaseCourseWork.Demo", "DataBaseCourseWork.Demo\DataBaseCourseWork.Demo.csproj", "{3A32B05B-8AEB-4EE8-8C8F-8335FF227A82}"
EndProject
Project("{FAE04EC0-301F-11D3-BF4B-00C04F79EFBC}") = "DataBaseCourseWork.AuthorizationSystem", "DataBaseCourseWork.AuthorizationSystem\DataBaseCourseWork.AuthorizationSystem.csproj", "{81A4B727-FE1F-41C2-A1B7-9D1BFB35454E}"
EndProject
Project("{FAE04EC0-301F-11D3-BF4B-00C04F79EFBC}") = "DataBaseCourseWork.Common", "DataBaseCourseWork.Common\DataBaseCourseWork.Common.csproj", "{9F0B31D4-3ADF-472F-89EA-AA932EF8FF23}"
EndProject
Project("{FAE04EC0-301F-11D3-BF4B-00C04F79EFBC}") = "DataBaseCourseWork.Providers", "DataBaseCourseWork.Providers\DataBaseCourseWork.Providers.csproj", "{8FAE60EE-4D1B-4D58-B427-9CE049CC48B4}"
EndProject
Project("{FAE04EC0-301F-11D3-BF4B-00C04F79EFBC}") = "DataBaseCourseWork.Departments", "DataBaseCourseWork.Departments\DataBaseCourseWork.Departments.csproj", "{0EA1FAE3-687B-4EEE-B52F-883912FC893D}"
EndProject
Project("{FAE04EC0-301F-11D3-BF4B-00C04F79EFBC}") = "DataBaseCourseWork.Orders", "DataBaseCourseWork.Orders\DataBaseCourseWork.Orders.csproj", "{FC6F70ED-EF72-4ECA-98EF-7348FBDF6F22}"
EndProject
Project("{FAE04EC0-301F-11D3-BF4B-00C04F79EFBC}") = "DataBaseCourseWork.Products", "DataBaseCourseWork.Products\DataBaseCourseWork.Products.csproj", "{81248D54-914F-4250-AD5E-EEA22F77F223}"
EndProject
Project("{FAE04EC0-301F-11D3-BF4B-00C04F79EFBC}") = "DataBaseCourseWork.ProductsInOrders", "DataBaseCourseWork.ProductsInOrders\DataBaseCourseWork.ProductsInOrders.csproj", "{2AF58DD6-8FF8-4DA9-8ACB-7DE2B57C6DB2}"
EndProject
Project("{FAE04EC0-301F-11D3-BF4B-00C04F79EFBC}") = "DataBaseCourseWork.ProductsInStock", "DataBaseCourseWork.ProductsInStock\DataBaseCourseWork.ProductsInStock.csproj", "{8726CD16-BC62-41E3-B08A-29B68C1681F3}"
EndProject
Project("{FAE04EC0-301F-11D3-BF4B-00C04F79EFBC}") = "DataBaseCourseWork.ProductsInSupplies", "DataBaseCourseWork.ProductsInSupplies\DataBaseCourseWork.ProductsInSupplies.csproj", "{BABD62E6-46CA-46F4-B72D-F38FFD909482}"
EndProject
Project("{FAE04EC0-301F-11D3-BF4B-00C04F79EFBC}") = "DataBaseCourseWork.Qualifications", "DataBaseCourseWork.Qualifications\DataBaseCourseWork.Qualifications.csproj", "{72652BF9-DA92-417F-BEAE-05BC0619E7B9}"
EndProject
Project("{FAE04EC0-301F-11D3-BF4B-00C04F79EFBC}") = "DataBaseCourseWork.Sales", "DataBaseCourseWork.Sales\DataBaseCourseWork.Sales.csproj", "{C4EF385B-EBF7-4C8A-930E-B70B9A933D6E}"
EndProject
Project("{FAE04EC0-301F-11D3-BF4B-00C04F79EFBC}") = "DataBaseCourseWork.Supplies", "DataBaseCourseWork.Supplies\DataBaseCourseWork.Supplies.csproj", "{2A46A39E-63BB-4B02-A72E-82874E8D74C9}"
EndProject
Project("{FAE04EC0-301F-11D3-BF4B-00C04F79EFBC}") = "DataBaseCourseWork.Units", "DataBaseCourseWork.Units\DataBaseCourseWork.Units.csproj", "{8EDF8311-45DF-4E6F-94A5-8CA714E0AA4A}"
EndProject
Project("{FAE04EC0-301F-11D3-BF4B-00C04F79EFBC}") = "DataBaseCourseWork.Workers", "DataBaseCourseWork.Workers\DataBaseCourseWork.Workers.csproj", "{8F912C9F-0B84-4C81-A39D-6267A434249D}"
EndProject
Project("{FAE04EC0-301F-11D3-BF4B-00C04F79EFBC}") = "DataBaseCourseWork.ChangePass", "DataBaseCourseWork.ChangePass\DataBaseCourseWork.ChangePass.csproj", "{DD5E335D-8CA5-4B08-BE91-B659DFC1707B}"
EndProject
Project("{FAE04EC0-301F-11D3-BF4B-00C04F79EFBC}") = "DataBaseCourseWork.AboutProgram", "DataBaseCourseWork.AboutProgram\DataBaseCourseWork.AboutProgram.csproj", "{0DE60B21-30B2-43A5-A146-91F6BBFB74BC}"
EndProject
Project("{FAE04EC0-301F-11D3-BF4B-00C04F79EFBC}") = "DataBaseCourseWork.AdminPanel", "DataBaseCourseWork.AdminPanel\DataBaseCourseWork.AdminPanel.csproj", "{4F51DE55-95C6-4DCC-A741-F59A06FAF406}"
EndProject
Project("{FAE04EC0-301F-11D3-BF4B-00C04F79EFBC}") = "DataBaseCourseWork.ShopsAssortments", "DataBaseCourseWork.ShopsAssortments\DataBaseCourseWork.ShopsAssortments.csproj", "{09FBE7B9-1619-4BF1-B71F-CC09189CEC35}"
EndProject
Project("{FAE04EC0-301F-11D3-BF4B-00C04F79EFBC}") = "DataBaseCourseWork.ProductsInCentralStock", "DataBaseCourseWork.ProductsInCentralStock\DataBaseCourseWork.ProductsInCentralStock.csproj", "{57A6B8BC-1E66-4A12-96EE-5DA0567C105A}"
EndProject
Project("{FAE04EC0-301F-11D3-BF4B-00C04F79EFBC}") = "DataBaseCourseWork.Revenue", "DataBaseCourseWork.Revenue\DataBaseCourseWork.Revenue.csproj", "{A6AA2FA9-AE56-460E-9657-022099CDE9DF}"
EndProject
Global
	GlobalSection(SolutionConfigurationPlatforms) = preSolution
		Debug|Any CPU = Debug|Any CPU
		Release|Any CPU = Release|Any CPU
	EndGlobalSection
	GlobalSection(ProjectConfigurationPlatforms) = postSolution
		{18E4D4D7-90D3-440A-AF2D-7B1F7F3850D1}.Debug|Any CPU.ActiveCfg = Debug|Any CPU
		{18E4D4D7-90D3-440A-AF2D-7B1F7F3850D1}.Debug|Any CPU.Build.0 = Debug|Any CPU
		{18E4D4D7-90D3-440A-AF2D-7B1F7F3850D1}.Release|Any CPU.ActiveCfg = Release|Any CPU
		{18E4D4D7-90D3-440A-AF2D-7B1F7F3850D1}.Release|Any CPU.Build.0 = Release|Any CPU
		{DBCC5071-C092-41DE-BA93-EA79ED72C694}.Debug|Any CPU.ActiveCfg = Debug|Any CPU
		{DBCC5071-C092-41DE-BA93-EA79ED72C694}.Debug|Any CPU.Build.0 = Debug|Any CPU
		{DBCC5071-C092-41DE-BA93-EA79ED72C694}.Release|Any CPU.ActiveCfg = Release|Any CPU
		{DBCC5071-C092-41DE-BA93-EA79ED72C694}.Release|Any CPU.Build.0 = Release|Any CPU
		{DB785D4A-000D-48B8-8660-4A12AC592118}.Debug|Any CPU.ActiveCfg = Debug|Any CPU
		{DB785D4A-000D-48B8-8660-4A12AC592118}.Debug|Any CPU.Build.0 = Debug|Any CPU
		{DB785D4A-000D-48B8-8660-4A12AC592118}.Release|Any CPU.ActiveCfg = Release|Any CPU
		{DB785D4A-000D-48B8-8660-4A12AC592118}.Release|Any CPU.Build.0 = Release|Any CPU
		{BC2219F7-72D7-47A6-8089-D0677566945E}.Debug|Any CPU.ActiveCfg = Debug|Any CPU
		{BC2219F7-72D7-47A6-8089-D0677566945E}.Debug|Any CPU.Build.0 = Debug|Any CPU
		{BC2219F7-72D7-47A6-8089-D0677566945E}.Release|Any CPU.ActiveCfg = Release|Any CPU
		{BC2219F7-72D7-47A6-8089-D0677566945E}.Release|Any CPU.Build.0 = Release|Any CPU
		{E425B6D4-E495-450F-9B99-6F4CEB1EE22E}.Debug|Any CPU.ActiveCfg = Debug|Any CPU
		{E425B6D4-E495-450F-9B99-6F4CEB1EE22E}.Debug|Any CPU.Build.0 = Debug|Any CPU
		{E425B6D4-E495-450F-9B99-6F4CEB1EE22E}.Release|Any CPU.ActiveCfg = Release|Any CPU
		{E425B6D4-E495-450F-9B99-6F4CEB1EE22E}.Release|Any CPU.Build.0 = Release|Any CPU
		{DEDDC970-E117-4DE3-A06D-567A527EB1FB}.Debug|Any CPU.ActiveCfg = Debug|Any CPU
		{DEDDC970-E117-4DE3-A06D-567A527EB1FB}.Debug|Any CPU.Build.0 = Debug|Any CPU
		{DEDDC970-E117-4DE3-A06D-567A527EB1FB}.Release|Any CPU.ActiveCfg = Release|Any CPU
		{DEDDC970-E117-4DE3-A06D-567A527EB1FB}.Release|Any CPU.Build.0 = Release|Any CPU
		{3A32B05B-8AEB-4EE8-8C8F-8335FF227A82}.Debug|Any CPU.ActiveCfg = Debug|Any CPU
		{3A32B05B-8AEB-4EE8-8C8F-8335FF227A82}.Debug|Any CPU.Build.0 = Debug|Any CPU
		{3A32B05B-8AEB-4EE8-8C8F-8335FF227A82}.Release|Any CPU.ActiveCfg = Release|Any CPU
		{3A32B05B-8AEB-4EE8-8C8F-8335FF227A82}.Release|Any CPU.Build.0 = Release|Any CPU
		{81A4B727-FE1F-41C2-A1B7-9D1BFB35454E}.Debug|Any CPU.ActiveCfg = Debug|Any CPU
		{81A4B727-FE1F-41C2-A1B7-9D1BFB35454E}.Debug|Any CPU.Build.0 = Debug|Any CPU
		{81A4B727-FE1F-41C2-A1B7-9D1BFB35454E}.Release|Any CPU.ActiveCfg = Release|Any CPU
		{81A4B727-FE1F-41C2-A1B7-9D1BFB35454E}.Release|Any CPU.Build.0 = Release|Any CPU
		{9F0B31D4-3ADF-472F-89EA-AA932EF8FF23}.Debug|Any CPU.ActiveCfg = Debug|Any CPU
		{9F0B31D4-3ADF-472F-89EA-AA932EF8FF23}.Debug|Any CPU.Build.0 = Debug|Any CPU
		{9F0B31D4-3ADF-472F-89EA-AA932EF8FF23}.Release|Any CPU.ActiveCfg = Release|Any CPU
		{9F0B31D4-3ADF-472F-89EA-AA932EF8FF23}.Release|Any CPU.Build.0 = Release|Any CPU
		{8FAE60EE-4D1B-4D58-B427-9CE049CC48B4}.Debug|Any CPU.ActiveCfg = Debug|Any CPU
		{8FAE60EE-4D1B-4D58-B427-9CE049CC48B4}.Debug|Any CPU.Build.0 = Debug|Any CPU
		{8FAE60EE-4D1B-4D58-B427-9CE049CC48B4}.Release|Any CPU.ActiveCfg = Release|Any CPU
		{8FAE60EE-4D1B-4D58-B427-9CE049CC48B4}.Release|Any CPU.Build.0 = Release|Any CPU
		{0EA1FAE3-687B-4EEE-B52F-883912FC893D}.Debug|Any CPU.ActiveCfg = Debug|Any CPU
		{0EA1FAE3-687B-4EEE-B52F-883912FC893D}.Debug|Any CPU.Build.0 = Debug|Any CPU
		{0EA1FAE3-687B-4EEE-B52F-883912FC893D}.Release|Any CPU.ActiveCfg = Release|Any CPU
		{0EA1FAE3-687B-4EEE-B52F-883912FC893D}.Release|Any CPU.Build.0 = Release|Any CPU
		{FC6F70ED-EF72-4ECA-98EF-7348FBDF6F22}.Debug|Any CPU.ActiveCfg = Debug|Any CPU
		{FC6F70ED-EF72-4ECA-98EF-7348FBDF6F22}.Debug|Any CPU.Build.0 = Debug|Any CPU
		{FC6F70ED-EF72-4ECA-98EF-7348FBDF6F22}.Release|Any CPU.ActiveCfg = Release|Any CPU
		{FC6F70ED-EF72-4ECA-98EF-7348FBDF6F22}.Release|Any CPU.Build.0 = Release|Any CPU
		{81248D54-914F-4250-AD5E-EEA22F77F223}.Debug|Any CPU.ActiveCfg = Debug|Any CPU
		{81248D54-914F-4250-AD5E-EEA22F77F223}.Debug|Any CPU.Build.0 = Debug|Any CPU
		{81248D54-914F-4250-AD5E-EEA22F77F223}.Release|Any CPU.ActiveCfg = Release|Any CPU
		{81248D54-914F-4250-AD5E-EEA22F77F223}.Release|Any CPU.Build.0 = Release|Any CPU
		{2AF58DD6-8FF8-4DA9-8ACB-7DE2B57C6DB2}.Debug|Any CPU.ActiveCfg = Debug|Any CPU
		{2AF58DD6-8FF8-4DA9-8ACB-7DE2B57C6DB2}.Debug|Any CPU.Build.0 = Debug|Any CPU
		{2AF58DD6-8FF8-4DA9-8ACB-7DE2B57C6DB2}.Release|Any CPU.ActiveCfg = Release|Any CPU
		{2AF58DD6-8FF8-4DA9-8ACB-7DE2B57C6DB2}.Release|Any CPU.Build.0 = Release|Any CPU
		{8726CD16-BC62-41E3-B08A-29B68C1681F3}.Debug|Any CPU.ActiveCfg = Debug|Any CPU
		{8726CD16-BC62-41E3-B08A-29B68C1681F3}.Debug|Any CPU.Build.0 = Debug|Any CPU
		{8726CD16-BC62-41E3-B08A-29B68C1681F3}.Release|Any CPU.ActiveCfg = Release|Any CPU
		{8726CD16-BC62-41E3-B08A-29B68C1681F3}.Release|Any CPU.Build.0 = Release|Any CPU
		{BABD62E6-46CA-46F4-B72D-F38FFD909482}.Debug|Any CPU.ActiveCfg = Debug|Any CPU
		{BABD62E6-46CA-46F4-B72D-F38FFD909482}.Debug|Any CPU.Build.0 = Debug|Any CPU
		{BABD62E6-46CA-46F4-B72D-F38FFD909482}.Release|Any CPU.ActiveCfg = Release|Any CPU
		{BABD62E6-46CA-46F4-B72D-F38FFD909482}.Release|Any CPU.Build.0 = Release|Any CPU
		{72652BF9-DA92-417F-BEAE-05BC0619E7B9}.Debug|Any CPU.ActiveCfg = Debug|Any CPU
		{72652BF9-DA92-417F-BEAE-05BC0619E7B9}.Debug|Any CPU.Build.0 = Debug|Any CPU
		{72652BF9-DA92-417F-BEAE-05BC0619E7B9}.Release|Any CPU.ActiveCfg = Release|Any CPU
		{72652BF9-DA92-417F-BEAE-05BC0619E7B9}.Release|Any CPU.Build.0 = Release|Any CPU
		{C4EF385B-EBF7-4C8A-930E-B70B9A933D6E}.Debug|Any CPU.ActiveCfg = Debug|Any CPU
		{C4EF385B-EBF7-4C8A-930E-B70B9A933D6E}.Debug|Any CPU.Build.0 = Debug|Any CPU
		{C4EF385B-EBF7-4C8A-930E-B70B9A933D6E}.Release|Any CPU.ActiveCfg = Release|Any CPU
		{C4EF385B-EBF7-4C8A-930E-B70B9A933D6E}.Release|Any CPU.Build.0 = Release|Any CPU
		{2A46A39E-63BB-4B02-A72E-82874E8D74C9}.Debug|Any CPU.ActiveCfg = Debug|Any CPU
		{2A46A39E-63BB-4B02-A72E-82874E8D74C9}.Debug|Any CPU.Build.0 = Debug|Any CPU
		{2A46A39E-63BB-4B02-A72E-82874E8D74C9}.Release|Any CPU.ActiveCfg = Release|Any CPU
		{2A46A39E-63BB-4B02-A72E-82874E8D74C9}.Release|Any CPU.Build.0 = Release|Any CPU
		{8EDF8311-45DF-4E6F-94A5-8CA714E0AA4A}.Debug|Any CPU.ActiveCfg = Debug|Any CPU
		{8EDF8311-45DF-4E6F-94A5-8CA714E0AA4A}.Debug|Any CPU.Build.0 = Debug|Any CPU
		{8EDF8311-45DF-4E6F-94A5-8CA714E0AA4A}.Release|Any CPU.ActiveCfg = Release|Any CPU
		{8EDF8311-45DF-4E6F-94A5-8CA714E0AA4A}.Release|Any CPU.Build.0 = Release|Any CPU
		{8F912C9F-0B84-4C81-A39D-6267A434249D}.Debug|Any CPU.ActiveCfg = Debug|Any CPU
		{8F912C9F-0B84-4C81-A39D-6267A434249D}.Debug|Any CPU.Build.0 = Debug|Any CPU
		{8F912C9F-0B84-4C81-A39D-6267A434249D}.Release|Any CPU.ActiveCfg = Release|Any CPU
		{8F912C9F-0B84-4C81-A39D-6267A434249D}.Release|Any CPU.Build.0 = Release|Any CPU
		{DD5E335D-8CA5-4B08-BE91-B659DFC1707B}.Debug|Any CPU.ActiveCfg = Debug|Any CPU
		{DD5E335D-8CA5-4B08-BE91-B659DFC1707B}.Debug|Any CPU.Build.0 = Debug|Any CPU
		{DD5E335D-8CA5-4B08-BE91-B659DFC1707B}.Release|Any CPU.ActiveCfg = Release|Any CPU
		{DD5E335D-8CA5-4B08-BE91-B659DFC1707B}.Release|Any CPU.Build.0 = Release|Any CPU
		{0DE60B21-30B2-43A5-A146-91F6BBFB74BC}.Debug|Any CPU.ActiveCfg = Debug|Any CPU
		{0DE60B21-30B2-43A5-A146-91F6BBFB74BC}.Debug|Any CPU.Build.0 = Debug|Any CPU
		{0DE60B21-30B2-43A5-A146-91F6BBFB74BC}.Release|Any CPU.ActiveCfg = Release|Any CPU
		{0DE60B21-30B2-43A5-A146-91F6BBFB74BC}.Release|Any CPU.Build.0 = Release|Any CPU
		{4F51DE55-95C6-4DCC-A741-F59A06FAF406}.Debug|Any CPU.ActiveCfg = Debug|Any CPU
		{4F51DE55-95C6-4DCC-A741-F59A06FAF406}.Debug|Any CPU.Build.0 = Debug|Any CPU
		{4F51DE55-95C6-4DCC-A741-F59A06FAF406}.Release|Any CPU.ActiveCfg = Release|Any CPU
		{4F51DE55-95C6-4DCC-A741-F59A06FAF406}.Release|Any CPU.Build.0 = Release|Any CPU
		{09FBE7B9-1619-4BF1-B71F-CC09189CEC35}.Debug|Any CPU.ActiveCfg = Debug|Any CPU
		{09FBE7B9-1619-4BF1-B71F-CC09189CEC35}.Debug|Any CPU.Build.0 = Debug|Any CPU
		{09FBE7B9-1619-4BF1-B71F-CC09189CEC35}.Release|Any CPU.ActiveCfg = Release|Any CPU
		{09FBE7B9-1619-4BF1-B71F-CC09189CEC35}.Release|Any CPU.Build.0 = Release|Any CPU
		{57A6B8BC-1E66-4A12-96EE-5DA0567C105A}.Debug|Any CPU.ActiveCfg = Debug|Any CPU
		{57A6B8BC-1E66-4A12-96EE-5DA0567C105A}.Debug|Any CPU.Build.0 = Debug|Any CPU
		{57A6B8BC-1E66-4A12-96EE-5DA0567C105A}.Release|Any CPU.ActiveCfg = Release|Any CPU
		{57A6B8BC-1E66-4A12-96EE-5DA0567C105A}.Release|Any CPU.Build.0 = Release|Any CPU
		{A6AA2FA9-AE56-460E-9657-022099CDE9DF}.Debug|Any CPU.ActiveCfg = Debug|Any CPU
		{A6AA2FA9-AE56-460E-9657-022099CDE9DF}.Debug|Any CPU.Build.0 = Debug|Any CPU
		{A6AA2FA9-AE56-460E-9657-022099CDE9DF}.Release|Any CPU.ActiveCfg = Release|Any CPU
		{A6AA2FA9-AE56-460E-9657-022099CDE9DF}.Release|Any CPU.Build.0 = Release|Any CPU
	EndGlobalSection
	GlobalSection(SolutionProperties) = preSolution
		HideSolutionNode = FALSE
	EndGlobalSection
	GlobalSection(ExtensibilityGlobals) = postSolution
		SolutionGuid = {6F7EE40D-30B7-474A-AFD6-6FFB3215B81C}
	EndGlobalSection
EndGlobal
